# THIS IS AN AUTOGENERATED FILE. DO NOT EDIT THIS FILE DIRECTLY.
# yarn lockfile v1


three@^0.149.0:
  version "0.149.0"
  resolved "https://registry.yarnpkg.com/three/-/three-0.149.0.tgz#a9cf78b17d02f063ffe6dfca1e300eff2eab2927"
  integrity sha512-tohpUxPDht0qExRLDTM8sjRLc5d9STURNrdnK3w9A+V4pxaTBfKWWT/IqtiLfg23Vfc3Z+ImNfvRw1/0CtxrkQ==
